
Microsoft Visual Studio Solution File, Format Version 12.00
# Visual Studio Version 17
VisualStudioVersion = 17.9.34728.123
MinimumVisualStudioVersion = 10.0.40219.1
Project("{FAE04EC0-301F-11D3-BF4B-00C04F79EFBC}") = "Task_3", "Task_3.csproj", "{DA91CF49-7279-4F68-94FE-960EBD77D286}"
EndProject
Global
	GlobalSection(SolutionConfigurationPlatforms) = preSolution
		Debug|Any CPU = Debug|Any CPU
		Release|Any CPU = Release|Any CPU
	EndGlobalSection
	GlobalSection(ProjectConfigurationPlatforms) = postSolution
		{DA91CF49-7279-4F68-94FE-960EBD77D286}.Debug|Any CPU.ActiveCfg = Debug|Any CPU
		{DA91CF49-7279-4F68-94FE-960EBD77D286}.Debug|Any CPU.Build.0 = Debug|Any CPU
		{DA91CF49-7279-4F68-94FE-960EBD77D286}.Release|Any CPU.ActiveCfg = Release|Any CPU
		{DA91CF49-7279-4F68-94FE-960EBD77D286}.Release|Any CPU.Build.0 = Release|Any CPU
	EndGlobalSection
	GlobalSection(SolutionProperties) = preSolution
		HideSolutionNode = FALSE
	EndGlobalSection
	GlobalSection(ExtensibilityGlobals) = postSolution
		SolutionGuid = {C490631A-6BF9-4622-A3AB-87562CC779AA}
	EndGlobalSection
EndGlobal
